
Microsoft Visual Studio Solution File, Format Version 12.00
# Visual Studio Version 17
VisualStudioVersion = 17.3.32901.215
MinimumVisualStudioVersion = 10.0.40219.1
Project("{FAE04EC0-301F-11D3-BF4B-00C04F79EFBC}") = "soruCevapPro", "soruCevapPro\soruCevapPro.csproj", "{DD356AB4-C8E1-4A82-8C95-BC4D7A25DCEA}"
EndProject
Global
	GlobalSection(SolutionConfigurationPlatforms) = preSolution
		Debug|Any CPU = Debug|Any CPU
		Release|Any CPU = Release|Any CPU
	EndGlobalSection
	GlobalSection(ProjectConfigurationPlatforms) = postSolution
		{DD356AB4-C8E1-4A82-8C95-BC4D7A25DCEA}.Debug|Any CPU.ActiveCfg = Debug|Any CPU
		{DD356AB4-C8E1-4A82-8C95-BC4D7A25DCEA}.Debug|Any CPU.Build.0 = Debug|Any CPU
		{DD356AB4-C8E1-4A82-8C95-BC4D7A25DCEA}.Release|Any CPU.ActiveCfg = Release|Any CPU
		{DD356AB4-C8E1-4A82-8C95-BC4D7A25DCEA}.Release|Any CPU.Build.0 = Release|Any CPU
	EndGlobalSection
	GlobalSection(SolutionProperties) = preSolution
		HideSolutionNode = FALSE
	EndGlobalSection
	GlobalSection(ExtensibilityGlobals) = postSolution
		SolutionGuid = {CBDEA507-206C-4640-BB9A-5A03C0586887}
	EndGlobalSection
EndGlobal
